
Microsoft Visual Studio Solution File, Format Version 12.00
# Visual Studio Version 17
VisualStudioVersion = 17.8.34316.72
MinimumVisualStudioVersion = 10.0.40219.1
Project("{FAE04EC0-301F-11D3-BF4B-00C04F79EFBC}") = "Google", "Google\Google.csproj", "{047EF30D-4ED7-4164-8F39-113BBC85EF81}"
EndProject
Global
	GlobalSection(SolutionConfigurationPlatforms) = preSolution
		Debug|Any CPU = Debug|Any CPU
		Release|Any CPU = Release|Any CPU
	EndGlobalSection
	GlobalSection(ProjectConfigurationPlatforms) = postSolution
		{047EF30D-4ED7-4164-8F39-113BBC85EF81}.Debug|Any CPU.ActiveCfg = Debug|Any CPU
		{047EF30D-4ED7-4164-8F39-113BBC85EF81}.Debug|Any CPU.Build.0 = Debug|Any CPU
		{047EF30D-4ED7-4164-8F39-113BBC85EF81}.Release|Any CPU.ActiveCfg = Release|Any CPU
		{047EF30D-4ED7-4164-8F39-113BBC85EF81}.Release|Any CPU.Build.0 = Release|Any CPU
	EndGlobalSection
	GlobalSection(SolutionProperties) = preSolution
		HideSolutionNode = FALSE
	EndGlobalSection
	GlobalSection(ExtensibilityGlobals) = postSolution
		SolutionGuid = {F045BAC6-9154-4259-A98D-1AEE70D5DAEA}
	EndGlobalSection
EndGlobal
